# This file is automatically @generated by Cargo.
# It is not intended for manual editing.
version = 4

[[package]]
name = "daberu"
version = "0.4.1"
dependencies = [
 "noargs",
 "nojson",
 "orfail",
]

[[package]]
name = "noargs"
version = "0.4.0"
source = "registry+https://github.com/rust-lang/crates.io-index"
checksum = "1356539d51c722559df2fc78d29ceb2e9f7d169e4a6ff2deb851f70fcddb3425"

[[package]]
name = "nojson"
version = "0.1.2"
source = "registry+https://github.com/rust-lang/crates.io-index"
checksum = "7a6c9ff732ef44506baf68a5851fc47547084562c8ed441908c605e75e516000"

[[package]]
name = "orfail"
version = "1.1.0"
source = "registry+https://github.com/rust-lang/crates.io-index"
checksum = "aba2212a0fddd290c8209fb9b0393382435ede29c24a71f245d7fa92f0f3442e"
