# This file is automatically @generated by Cargo.
# It is not intended for manual editing.
version = 4

[[package]]
name = "daberu"
version = "0.4.1"
dependencies = [
 "noargs",
 "nojson",
 "orfail",
]

[[package]]
name = "noargs"
version = "0.4.1"
source = "registry+https://github.com/rust-lang/crates.io-index"
checksum = "fe77e710319d3ff009f93efc433d879e80e6336f5b87ace6d6db7ca5951085c3"

[[package]]
name = "nojson"
version = "0.1.3"
source = "registry+https://github.com/rust-lang/crates.io-index"
checksum = "8fc252af38a3a531016fb3ddbd98e83f11a03baaf1d136ad59e140b06255a1b7"

[[package]]
name = "orfail"
version = "1.1.0"
source = "registry+https://github.com/rust-lang/crates.io-index"
checksum = "aba2212a0fddd290c8209fb9b0393382435ede29c24a71f245d7fa92f0f3442e"
